{
  "name": "calculate",
  "version": "1.0.0",
  "lockfileVersion": 1,
  "requires": true,
  "dependencies": {
    "rollup": {
      "version": "0.55.5",
      "resolved": "https://registry.npmjs.org/rollup/-/rollup-0.55.5.tgz",
      "integrity": "sha512-2hke9NOy332kxvnmMQOgl7DHm94zihNyYJNd8ZLWo4U0EjFvjUkeWa0+ge+70bTg+mY0xJ7NUsf5kIhDtrGrtA=="
    }
  }
}
